// !$*UTF8*$!
{
	archiveVersion = 1;
	classes = {
	};
	objectVersion = 50;
	objects = {

/* Begin PBXBuildFile section */
		163608822392C4BE00BFC570 /* AppDelegate.swift in Sources */ = {isa = PBXBuildFile; fileRef = 163608812392C4BE00BFC570 /* AppDelegate.swift */; };
		163608842392C4BE00BFC570 /* SceneDelegate.swift in Sources */ = {isa = PBXBuildFile; fileRef = 163608832392C4BE00BFC570 /* SceneDelegate.swift */; };
		163608892392C4BE00BFC570 /* Main.storyboard in Resources */ = {isa = PBXBuildFile; fileRef = 163608872392C4BE00BFC570 /* Main.storyboard */; };
		1636088B2392C4C000BFC570 /* Assets.xcassets in Resources */ = {isa = PBXBuildFile; fileRef = 1636088A2392C4C000BFC570 /* Assets.xcassets */; };
		1636088E2392C4C000BFC570 /* LaunchScreen.storyboard in Resources */ = {isa = PBXBuildFile; fileRef = 1636088C2392C4C000BFC570 /* LaunchScreen.storyboard */; };
		163608982393FABD00BFC570 /* HomepageViewController.swift in Sources */ = {isa = PBXBuildFile; fileRef = 163608972393FABD00BFC570 /* HomepageViewController.swift */; };
		16ACA76423AB1F4E004E8D0E /* Notebook.swift in Sources */ = {isa = PBXBuildFile; fileRef = 16ACA76323AB1F4E004E8D0E /* Notebook.swift */; };
		16ACA76623AB1FC6004E8D0E /* NotebookTableViewCell.swift in Sources */ = {isa = PBXBuildFile; fileRef = 16ACA76523AB1FC6004E8D0E /* NotebookTableViewCell.swift */; };
		16ACA76823AB1FF8004E8D0E /* NotebookTableViewController.swift in Sources */ = {isa = PBXBuildFile; fileRef = 16ACA76723AB1FF8004E8D0E /* NotebookTableViewController.swift */; };
		16ACA76F23AB20D0004E8D0E /* CourseCollectionViewCell.swift in Sources */ = {isa = PBXBuildFile; fileRef = 16ACA76D23AB20D0004E8D0E /* CourseCollectionViewCell.swift */; };
		16ACA77023AB20D0004E8D0E /* Course.swift in Sources */ = {isa = PBXBuildFile; fileRef = 16ACA76E23AB20D0004E8D0E /* Course.swift */; };
		16ACA77223AB20F7004E8D0E /* CourseCollectionViewController.swift in Sources */ = {isa = PBXBuildFile; fileRef = 16ACA77123AB20F7004E8D0E /* CourseCollectionViewController.swift */; };
		16ACA77423AB8215004E8D0E /* NoteTableViewController.swift in Sources */ = {isa = PBXBuildFile; fileRef = 16ACA77323AB8215004E8D0E /* NoteTableViewController.swift */; };
		16ACA77623AB8231004E8D0E /* NoteTableViewCell.swift in Sources */ = {isa = PBXBuildFile; fileRef = 16ACA77523AB8231004E8D0E /* NoteTableViewCell.swift */; };
/* End PBXBuildFile section */

/* Begin PBXFileReference section */
		1636087E2392C4BE00BFC570 /* PPT_Process.app */ = {isa = PBXFileReference; explicitFileType = wrapper.application; includeInIndex = 0; path = PPT_Process.app; sourceTree = BUILT_PRODUCTS_DIR; };
		163608812392C4BE00BFC570 /* AppDelegate.swift */ = {isa = PBXFileReference; lastKnownFileType = sourcecode.swift; path = AppDelegate.swift; sourceTree = "<group>"; };
		163608832392C4BE00BFC570 /* SceneDelegate.swift */ = {isa = PBXFileReference; lastKnownFileType = sourcecode.swift; path = SceneDelegate.swift; sourceTree = "<group>"; };
		163608882392C4BE00BFC570 /* Base */ = {isa = PBXFileReference; lastKnownFileType = file.storyboard; name = Base; path = Base.lproj/Main.storyboard; sourceTree = "<group>"; };
		1636088A2392C4C000BFC570 /* Assets.xcassets */ = {isa = PBXFileReference; lastKnownFileType = folder.assetcatalog; path = Assets.xcassets; sourceTree = "<group>"; };
		1636088D2392C4C000BFC570 /* Base */ = {isa = PBXFileReference; lastKnownFileType = file.storyboard; name = Base; path = Base.lproj/LaunchScreen.storyboard; sourceTree = "<group>"; };
		1636088F2392C4C000BFC570 /* Info.plist */ = {isa = PBXFileReference; lastKnownFileType = text.plist.xml; path = Info.plist; sourceTree = "<group>"; };
		163608972393FABD00BFC570 /* HomepageViewController.swift */ = {isa = PBXFileReference; fileEncoding = 4; lastKnownFileType = sourcecode.swift; path = HomepageViewController.swift; sourceTree = "<group>"; };
		16ACA76323AB1F4E004E8D0E /* Notebook.swift */ = {isa = PBXFileReference; lastKnownFileType = sourcecode.swift; path = Notebook.swift; sourceTree = "<group>"; };
		16ACA76523AB1FC6004E8D0E /* NotebookTableViewCell.swift */ = {isa = PBXFileReference; lastKnownFileType = sourcecode.swift; path = NotebookTableViewCell.swift; sourceTree = "<group>"; };
		16ACA76723AB1FF8004E8D0E /* NotebookTableViewController.swift */ = {isa = PBXFileReference; lastKnownFileType = sourcecode.swift; path = NotebookTableViewController.swift; sourceTree = "<group>"; };
		16ACA76D23AB20D0004E8D0E /* CourseCollectionViewCell.swift */ = {isa = PBXFileReference; fileEncoding = 4; lastKnownFileType = sourcecode.swift; path = CourseCollectionViewCell.swift; sourceTree = "<group>"; };
		16ACA76E23AB20D0004E8D0E /* Course.swift */ = {isa = PBXFileReference; fileEncoding = 4; lastKnownFileType = sourcecode.swift; path = Course.swift; sourceTree = "<group>"; };
		16ACA77123AB20F7004E8D0E /* CourseCollectionViewController.swift */ = {isa = PBXFileReference; lastKnownFileType = sourcecode.swift; path = CourseCollectionViewController.swift; sourceTree = "<group>"; };
		16ACA77323AB8215004E8D0E /* NoteTableViewController.swift */ = {isa = PBXFileReference; lastKnownFileType = sourcecode.swift; path = NoteTableViewController.swift; sourceTree = "<group>"; };
		16ACA77523AB8231004E8D0E /* NoteTableViewCell.swift */ = {isa = PBXFileReference; lastKnownFileType = sourcecode.swift; path = NoteTableViewCell.swift; sourceTree = "<group>"; };
/* End PBXFileReference section */

/* Begin PBXFrameworksBuildPhase section */
		1636087B2392C4BE00BFC570 /* Frameworks */ = {
			isa = PBXFrameworksBuildPhase;
			buildActionMask = 2147483647;
			files = (
			);
			runOnlyForDeploymentPostprocessing = 0;
		};
/* End PBXFrameworksBuildPhase section */

/* Begin PBXGroup section */
		163608752392C4BE00BFC570 = {
			isa = PBXGroup;
			children = (
				163608802392C4BE00BFC570 /* PPT_Process */,
			);
			sourceTree = "<group>";
		};
		1636087F2392C4BE00BFC570 /* Products */ = {
			isa = PBXGroup;
			children = (
				1636087E2392C4BE00BFC570 /* PPT_Process.app */,
			);
			name = Products;
			path = ..;
			sourceTree = "<group>";
		};
		163608802392C4BE00BFC570 /* PPT_Process */ = {
			isa = PBXGroup;
			children = (
				1636087F2392C4BE00BFC570 /* Products */,
				1636088A2392C4C000BFC570 /* Assets.xcassets */,
				1636088F2392C4C000BFC570 /* Info.plist */,
				163608812392C4BE00BFC570 /* AppDelegate.swift */,
				163608832392C4BE00BFC570 /* SceneDelegate.swift */,
				1636088C2392C4C000BFC570 /* LaunchScreen.storyboard */,
				163608872392C4BE00BFC570 /* Main.storyboard */,
				163608972393FABD00BFC570 /* HomepageViewController.swift */,
				16ACA76323AB1F4E004E8D0E /* Notebook.swift */,
				16ACA76523AB1FC6004E8D0E /* NotebookTableViewCell.swift */,
				16ACA76723AB1FF8004E8D0E /* NotebookTableViewController.swift */,
				16ACA77523AB8231004E8D0E /* NoteTableViewCell.swift */,
				16ACA77323AB8215004E8D0E /* NoteTableViewController.swift */,
				16ACA76E23AB20D0004E8D0E /* Course.swift */,
				16ACA76D23AB20D0004E8D0E /* CourseCollectionViewCell.swift */,
				16ACA77123AB20F7004E8D0E /* CourseCollectionViewController.swift */,
			);
			path = PPT_Process;
			sourceTree = "<group>";
		};
/* End PBXGroup section */

/* Begin PBXNativeTarget section */
		1636087D2392C4BE00BFC570 /* PPT_Process */ = {
			isa = PBXNativeTarget;
			buildConfigurationList = 163608922392C4C000BFC570 /* Build configuration list for PBXNativeTarget "PPT_Process" */;
			buildPhases = (
				1636087A2392C4BE00BFC570 /* Sources */,
				1636087B2392C4BE00BFC570 /* Frameworks */,
				1636087C2392C4BE00BFC570 /* Resources */,
			);
			buildRules = (
			);
			dependencies = (
			);
			name = PPT_Process;
			productName = PPT_Process;
			productReference = 1636087E2392C4BE00BFC570 /* PPT_Process.app */;
			productType = "com.apple.product-type.application";
		};
/* End PBXNativeTarget section */

/* Begin PBXProject section */
		163608762392C4BE00BFC570 /* Project object */ = {
			isa = PBXProject;
			attributes = {
				LastSwiftUpdateCheck = 1120;
				LastUpgradeCheck = 1120;
				ORGANIZATIONNAME = DongjueZu;
				TargetAttributes = {
					1636087D2392C4BE00BFC570 = {
						CreatedOnToolsVersion = 11.2.1;
					};
				};
			};
			buildConfigurationList = 163608792392C4BE00BFC570 /* Build configuration list for PBXProject "PPT_Process" */;
			compatibilityVersion = "Xcode 9.3";
			developmentRegion = en;
			hasScannedForEncodings = 0;
			knownRegions = (
				en,
				Base,
			);
			mainGroup = 163608752392C4BE00BFC570;
			productRefGroup = 1636087F2392C4BE00BFC570 /* Products */;
			projectDirPath = "";
			projectRoot = "";
			targets = (
				1636087D2392C4BE00BFC570 /* PPT_Process */,
			);
		};
/* End PBXProject section */

/* Begin PBXResourcesBuildPhase section */
		1636087C2392C4BE00BFC570 /* Resources */ = {
			isa = PBXResourcesBuildPhase;
			buildActionMask = 2147483647;
			files = (
				1636088E2392C4C000BFC570 /* LaunchScreen.storyboard in Resources */,
				1636088B2392C4C000BFC570 /* Assets.xcassets in Resources */,
				163608892392C4BE00BFC570 /* Main.storyboard in Resources */,
			);
			runOnlyForDeploymentPostprocessing = 0;
		};
/* End PBXResourcesBuildPhase section */

/* Begin PBXSourcesBuildPhase section */
		1636087A2392C4BE00BFC570 /* Sources */ = {
			isa = PBXSourcesBuildPhase;
			buildActionMask = 2147483647;
			files = (
				16ACA77023AB20D0004E8D0E /* Course.swift in Sources */,
				163608822392C4BE00BFC570 /* AppDelegate.swift in Sources */,
				16ACA76F23AB20D0004E8D0E /* CourseCollectionViewCell.swift in Sources */,
				163608982393FABD00BFC570 /* HomepageViewController.swift in Sources */,
				163608842392C4BE00BFC570 /* SceneDelegate.swift in Sources */,
				16ACA77223AB20F7004E8D0E /* CourseCollectionViewController.swift in Sources */,
				16ACA77423AB8215004E8D0E /* NoteTableViewController.swift in Sources */,
				16ACA76823AB1FF8004E8D0E /* NotebookTableViewController.swift in Sources */,
				16ACA76623AB1FC6004E8D0E /* NotebookTableViewCell.swift in Sources */,
				16ACA76423AB1F4E004E8D0E /* Notebook.swift in Sources */,
				16ACA77623AB8231004E8D0E /* NoteTableViewCell.swift in Sources */,
			);
			runOnlyForDeploymentPostprocessing = 0;
		};
/* End PBXSourcesBuildPhase section */

/* Begin PBXVariantGroup section */
		163608872392C4BE00BFC570 /* Main.storyboard */ = {
			isa = PBXVariantGroup;
			children = (
				163608882392C4BE00BFC570 /* Base */,
			);
			name = Main.storyboard;
			sourceTree = "<group>";
		};
		1636088C2392C4C000BFC570 /* LaunchScreen.storyboard */ = {
			isa = PBXVariantGroup;
			children = (
				1636088D2392C4C000BFC570 /* Base */,
			);
			name = LaunchScreen.storyboard;
			sourceTree = "<group>";
		};
/* End PBXVariantGroup section */

/* Begin XCBuildConfiguration section */
		163608902392C4C000BFC570 /* Debug */ = {
			isa = XCBuildConfiguration;
			buildSettings = {
				ALWAYS_SEARCH_USER_PATHS = NO;
				CLANG_ANALYZER_NONNULL = YES;
				CLANG_ANALYZER_NUMBER_OBJECT_CONVERSION = YES_AGGRESSIVE;
				CLANG_CXX_LANGUAGE_STANDARD = "gnu++14";
				CLANG_CXX_LIBRARY = "libc++";
				CLANG_ENABLE_MODULES = YES;
				CLANG_ENABLE_OBJC_ARC = YES;
				CLANG_ENABLE_OBJC_WEAK = YES;
				CLANG_WARN_BLOCK_CAPTURE_AUTORELEASING = YES;
				CLANG_WARN_BOOL_CONVERSION = YES;
				CLANG_WARN_COMMA = YES;
				CLANG_WARN_CONSTANT_CONVERSION = YES;
				CLANG_WARN_DEPRECATED_OBJC_IMPLEMENTATIONS = YES;
				CLANG_WARN_DIRECT_OBJC_ISA_USAGE = YES_ERROR;
				CLANG_WARN_DOCUMENTATION_COMMENTS = YES;
				CLANG_WARN_EMPTY_BODY = YES;
				CLANG_WARN_ENUM_CONVERSION = YES;
				CLANG_WARN_INFINITE_RECURSION = YES;
				CLANG_WARN_INT_CONVERSION = YES;
				CLANG_WARN_NON_LITERAL_NULL_CONVERSION = YES;
				CLANG_WARN_OBJC_IMPLICIT_RETAIN_SELF = YES;
				CLANG_WARN_OBJC_LITERAL_CONVERSION = YES;
				CLANG_WARN_OBJC_ROOT_CLASS = YES_ERROR;
				CLANG_WARN_RANGE_LOOP_ANALYSIS = YES;
				CLANG_WARN_STRICT_PROTOTYPES = YES;
				CLANG_WARN_SUSPICIOUS_MOVE = YES;
				CLANG_WARN_UNGUARDED_AVAILABILITY = YES_AGGRESSIVE;
				CLANG_WARN_UNREACHABLE_CODE = YES;
				CLANG_WARN__DUPLICATE_METHOD_MATCH = YES;
				COPY_PHASE_STRIP = NO;
				DEBUG_INFORMATION_FORMAT = dwarf;
				ENABLE_STRICT_OBJC_MSGSEND = YES;
				ENABLE_TESTABILITY = YES;
				GCC_C_LANGUAGE_STANDARD = gnu11;
				GCC_DYNAMIC_NO_PIC = NO;
				GCC_NO_COMMON_BLOCKS = YES;
				GCC_OPTIMIZATION_LEVEL = 0;
				GCC_PREPROCESSOR_DEFINITIONS = (
					"DEBUG=1",
					"$(inherited)",
				);
				GCC_WARN_64_TO_32_BIT_CONVERSION = YES;
				GCC_WARN_ABOUT_RETURN_TYPE = YES_ERROR;
				GCC_WARN_UNDECLARED_SELECTOR = YES;
				GCC_WARN_UNINITIALIZED_AUTOS = YES_AGGRESSIVE;
				GCC_WARN_UNUSED_FUNCTION = YES;
				GCC_WARN_UNUSED_VARIABLE = YES;
				IPHONEOS_DEPLOYMENT_TARGET = 13.2;
				MTL_ENABLE_DEBUG_INFO = INCLUDE_SOURCE;
				MTL_FAST_MATH = YES;
				ONLY_ACTIVE_ARCH = YES;
				SDKROOT = iphoneos;
				SWIFT_ACTIVE_COMPILATION_CONDITIONS = DEBUG;
				SWIFT_OPTIMIZATION_LEVEL = "-Onone";
			};
			name = Debug;
		};
		163608912392C4C000BFC570 /* Release */ = {
			isa = XCBuildConfiguration;
			buildSettings = {
				ALWAYS_SEARCH_USER_PATHS = NO;
				CLANG_ANALYZER_NONNULL = YES;
				CLANG_ANALYZER_NUMBER_OBJECT_CONVERSION = YES_AGGRESSIVE;
				CLANG_CXX_LANGUAGE_STANDARD = "gnu++14";
				CLANG_CXX_LIBRARY = "libc++";
				CLANG_ENABLE_MODULES = YES;
				CLANG_ENABLE_OBJC_ARC = YES;
				CLANG_ENABLE_OBJC_WEAK = YES;
				CLANG_WARN_BLOCK_CAPTURE_AUTORELEASING = YES;
				CLANG_WARN_BOOL_CONVERSION = YES;
				CLANG_WARN_COMMA = YES;
				CLANG_WARN_CONSTANT_CONVERSION = YES;
				CLANG_WARN_DEPRECATED_OBJC_IMPLEMENTATIONS = YES;
				CLANG_WARN_DIRECT_OBJC_ISA_USAGE = YES_ERROR;
				CLANG_WARN_DOCUMENTATION_COMMENTS = YES;
				CLANG_WARN_EMPTY_BODY = YES;
				CLANG_WARN_ENUM_CONVERSION = YES;
				CLANG_WARN_INFINITE_RECURSION = YES;
				CLANG_WARN_INT_CONVERSION = YES;
				CLANG_WARN_NON_LITERAL_NULL_CONVERSION = YES;
				CLANG_WARN_OBJC_IMPLICIT_RETAIN_SELF = YES;
				CLANG_WARN_OBJC_LITERAL_CONVERSION = YES;
				CLANG_WARN_OBJC_ROOT_CLASS = YES_ERROR;
				CLANG_WARN_RANGE_LOOP_ANALYSIS = YES;
				CLANG_WARN_STRICT_PROTOTYPES = YES;
				CLANG_WARN_SUSPICIOUS_MOVE = YES;
				CLANG_WARN_UNGUARDED_AVAILABILITY = YES_AGGRESSIVE;
				CLANG_WARN_UNREACHABLE_CODE = YES;
				CLANG_WARN__DUPLICATE_METHOD_MATCH = YES;
				COPY_PHASE_STRIP = NO;
				DEBUG_INFORMATION_FORMAT = "dwarf-with-dsym";
				ENABLE_NS_ASSERTIONS = NO;
				ENABLE_STRICT_OBJC_MSGSEND = YES;
				GCC_C_LANGUAGE_STANDARD = gnu11;
				GCC_NO_COMMON_BLOCKS = YES;
				GCC_WARN_64_TO_32_BIT_CONVERSION = YES;
				GCC_WARN_ABOUT_RETURN_TYPE = YES_ERROR;
				GCC_WARN_UNDECLARED_SELECTOR = YES;
				GCC_WARN_UNINITIALIZED_AUTOS = YES_AGGRESSIVE;
				GCC_WARN_UNUSED_FUNCTION = YES;
				GCC_WARN_UNUSED_VARIABLE = YES;
				IPHONEOS_DEPLOYMENT_TARGET = 13.2;
				MTL_ENABLE_DEBUG_INFO = NO;
				MTL_FAST_MATH = YES;
				SDKROOT = iphoneos;
				SWIFT_COMPILATION_MODE = wholemodule;
				SWIFT_OPTIMIZATION_LEVEL = "-O";
				VALIDATE_PRODUCT = YES;
			};
			name = Release;
		};
		163608932392C4C000BFC570 /* Debug */ = {
			isa = XCBuildConfiguration;
			buildSettings = {
				ASSETCATALOG_COMPILER_APPICON_NAME = AppIcon;
				CODE_SIGN_STYLE = Automatic;
				DEVELOPMENT_TEAM = HGD8W76MVD;
				INFOPLIST_FILE = PPT_Process/Info.plist;
				LD_RUNPATH_SEARCH_PATHS = (
					"$(inherited)",
					"@executable_path/Frameworks",
				);
				PRODUCT_BUNDLE_IDENTIFIER = "nju.edu.cn.PPT-Process";
				PRODUCT_NAME = "$(TARGET_NAME)";
				SWIFT_VERSION = 5.0;
				TARGETED_DEVICE_FAMILY = "1,2";
			};
			name = Debug;
		};
		163608942392C4C000BFC570 /* Release */ = {
			isa = XCBuildConfiguration;
			buildSettings = {
				ASSETCATALOG_COMPILER_APPICON_NAME = AppIcon;
				CODE_SIGN_STYLE = Automatic;
				DEVELOPMENT_TEAM = HGD8W76MVD;
				INFOPLIST_FILE = PPT_Process/Info.plist;
				LD_RUNPATH_SEARCH_PATHS = (
					"$(inherited)",
					"@executable_path/Frameworks",
				);
				PRODUCT_BUNDLE_IDENTIFIER = "nju.edu.cn.PPT-Process";
				PRODUCT_NAME = "$(TARGET_NAME)";
				SWIFT_VERSION = 5.0;
				TARGETED_DEVICE_FAMILY = "1,2";
			};
			name = Release;
		};
/* End XCBuildConfiguration section */

/* Begin XCConfigurationList section */
		163608792392C4BE00BFC570 /* Build configuration list for PBXProject "PPT_Process" */ = {
			isa = XCConfigurationList;
			buildConfigurations = (
				163608902392C4C000BFC570 /* Debug */,
				163608912392C4C000BFC570 /* Release */,
			);
			defaultConfigurationIsVisible = 0;
			defaultConfigurationName = Release;
		};
		163608922392C4C000BFC570 /* Build configuration list for PBXNativeTarget "PPT_Process" */ = {
			isa = XCConfigurationList;
			buildConfigurations = (
				163608932392C4C000BFC570 /* Debug */,
				163608942392C4C000BFC570 /* Release */,
			);
			defaultConfigurationIsVisible = 0;
			defaultConfigurationName = Release;
		};
/* End XCConfigurationList section */
	};
	rootObject = 163608762392C4BE00BFC570 /* Project object */;
}
